
Microsoft Visual Studio Solution File, Format Version 12.00
# Visual Studio 15
VisualStudioVersion = 15.0.28307.902
MinimumVisualStudioVersion = 10.0.40219.1
Project("{FAE04EC0-301F-11D3-BF4B-00C04F79EFBC}") = "HelloASP2", "HelloASP2\HelloASP2.csproj", "{1D807A3B-80A5-4547-B665-795D7403561E}"
EndProject
Global
	GlobalSection(SolutionConfigurationPlatforms) = preSolution
		Debug|Any CPU = Debug|Any CPU
		Release|Any CPU = Release|Any CPU
	EndGlobalSection
	GlobalSection(ProjectConfigurationPlatforms) = postSolution
		{1D807A3B-80A5-4547-B665-795D7403561E}.Debug|Any CPU.ActiveCfg = Debug|Any CPU
		{1D807A3B-80A5-4547-B665-795D7403561E}.Debug|Any CPU.Build.0 = Debug|Any CPU
		{1D807A3B-80A5-4547-B665-795D7403561E}.Release|Any CPU.ActiveCfg = Release|Any CPU
		{1D807A3B-80A5-4547-B665-795D7403561E}.Release|Any CPU.Build.0 = Release|Any CPU
	EndGlobalSection
	GlobalSection(SolutionProperties) = preSolution
		HideSolutionNode = FALSE
	EndGlobalSection
	GlobalSection(ExtensibilityGlobals) = postSolution
		SolutionGuid = {36BEC74C-6845-4F48-AA2B-7F33E80051B8}
	EndGlobalSection
EndGlobal
